
Microsoft Visual Studio Solution File, Format Version 12.00
# Visual Studio Version 17
VisualStudioVersion = 17.7.34221.43
MinimumVisualStudioVersion = 10.0.40219.1
Project("{FAE04EC0-301F-11D3-BF4B-00C04F79EFBC}") = "bookstore", "bookstore\bookstore.csproj", "{8A0D0325-7980-459D-B0CC-C5C5451D82CD}"
EndProject
Global
	GlobalSection(SolutionConfigurationPlatforms) = preSolution
		Debug|Any CPU = Debug|Any CPU
		Release|Any CPU = Release|Any CPU
	EndGlobalSection
	GlobalSection(ProjectConfigurationPlatforms) = postSolution
		{8A0D0325-7980-459D-B0CC-C5C5451D82CD}.Debug|Any CPU.ActiveCfg = Debug|Any CPU
		{8A0D0325-7980-459D-B0CC-C5C5451D82CD}.Debug|Any CPU.Build.0 = Debug|Any CPU
		{8A0D0325-7980-459D-B0CC-C5C5451D82CD}.Release|Any CPU.ActiveCfg = Release|Any CPU
		{8A0D0325-7980-459D-B0CC-C5C5451D82CD}.Release|Any CPU.Build.0 = Release|Any CPU
	EndGlobalSection
	GlobalSection(SolutionProperties) = preSolution
		HideSolutionNode = FALSE
	EndGlobalSection
	GlobalSection(ExtensibilityGlobals) = postSolution
		SolutionGuid = {BCDB9483-7324-49BE-813C-EA7CD394B65A}
	EndGlobalSection
EndGlobal
